
Microsoft Visual Studio Solution File, Format Version 12.00
Project("{FAE04EC0-301F-11D3-BF4B-00C04F79EFBC}") = "LineEngine.Test", "LineEngine.Test\LineEngine.Test.csproj", "{4DA52BB9-2082-4DE5-ADED-50DDD5114CD4}"
EndProject
Project("{FAE04EC0-301F-11D3-BF4B-00C04F79EFBC}") = "LineEngine", "LineEngine\LineEngine.csproj", "{8C925974-34D9-4891-877A-E53D09CE63C3}"
EndProject
Project("{FAE04EC0-301F-11D3-BF4B-00C04F79EFBC}") = "LineCreator", "LineCreator\LineCreator.csproj", "{8FE12C65-3B7F-43B4-A054-5C20CE992F8B}"
EndProject
Global
	GlobalSection(SolutionConfigurationPlatforms) = preSolution
		Debug|Any CPU = Debug|Any CPU
		Release|Any CPU = Release|Any CPU
	EndGlobalSection
	GlobalSection(ProjectConfigurationPlatforms) = postSolution
		{4DA52BB9-2082-4DE5-ADED-50DDD5114CD4}.Debug|Any CPU.ActiveCfg = Debug|Any CPU
		{4DA52BB9-2082-4DE5-ADED-50DDD5114CD4}.Debug|Any CPU.Build.0 = Debug|Any CPU
		{4DA52BB9-2082-4DE5-ADED-50DDD5114CD4}.Release|Any CPU.ActiveCfg = Release|Any CPU
		{4DA52BB9-2082-4DE5-ADED-50DDD5114CD4}.Release|Any CPU.Build.0 = Release|Any CPU
		{8C925974-34D9-4891-877A-E53D09CE63C3}.Debug|Any CPU.ActiveCfg = Debug|Any CPU
		{8C925974-34D9-4891-877A-E53D09CE63C3}.Debug|Any CPU.Build.0 = Debug|Any CPU
		{8C925974-34D9-4891-877A-E53D09CE63C3}.Release|Any CPU.ActiveCfg = Release|Any CPU
		{8C925974-34D9-4891-877A-E53D09CE63C3}.Release|Any CPU.Build.0 = Release|Any CPU
		{8FE12C65-3B7F-43B4-A054-5C20CE992F8B}.Debug|Any CPU.ActiveCfg = Debug|Any CPU
		{8FE12C65-3B7F-43B4-A054-5C20CE992F8B}.Debug|Any CPU.Build.0 = Debug|Any CPU
		{8FE12C65-3B7F-43B4-A054-5C20CE992F8B}.Release|Any CPU.ActiveCfg = Release|Any CPU
		{8FE12C65-3B7F-43B4-A054-5C20CE992F8B}.Release|Any CPU.Build.0 = Release|Any CPU
	EndGlobalSection
EndGlobal
